{
  "version": 4,
  "terraform_version": "1.3.1",
  "serial": 18,
  "lineage": "21fc5daa-81b5-85e5-8d5c-f125eb158d0c",
  "outputs": {
    "app-gw-be-pool": {
      "value": [
        {
          "fqdns": [],
          "id": "/subscriptions/2cf8f06f-b761-4132-9ed1-2c90d07c4885/resourceGroups/demo-singtel/providers/Microsoft.Network/applicationGateways/demo-uat-appgateway/backendAddressPools/demo-uat-network-beap",
          "ip_addresses": [],
          "name": "demo-uat-network-beap"
        }
      ],
      "type": [
        "set",
        [
          "object",
          {
            "fqdns": [
              "set",
              "string"
            ],
            "id": "string",
            "ip_addresses": [
              "set",
              "string"
            ],
            "name": "string"
          }
        ]
      ]
    }
  },
  "resources": [
    {
      "mode": "managed",
      "type": "azurerm_application_gateway",
      "name": "app-gw",
      "provider": "provider[\"registry.terraform.io/hashicorp/azurerm\"]",
      "instances": [
        {
          "schema_version": 0,
          "attributes": {
            "authentication_certificate": [],
            "autoscale_configuration": [],
            "backend_address_pool": [
              {
                "fqdns": [],
                "id": "/subscriptions/2cf8f06f-b761-4132-9ed1-2c90d07c4885/resourceGroups/demo-singtel/providers/Microsoft.Network/applicationGateways/demo-uat-appgateway/backendAddressPools/demo-uat-network-beap",
                "ip_addresses": [],
                "name": "demo-uat-network-beap"
              }
            ],
            "backend_http_settings": [
              {
                "affinity_cookie_name": "",
                "authentication_certificate": [],
                "connection_draining": [],
                "cookie_based_affinity": "Disabled",
                "host_name": "",
                "id": "/subscriptions/2cf8f06f-b761-4132-9ed1-2c90d07c4885/resourceGroups/demo-singtel/providers/Microsoft.Network/applicationGateways/demo-uat-appgateway/backendHttpSettingsCollection/demo-uat-network-be-htst",
                "name": "demo-uat-network-be-htst",
                "path": "/path1/",
                "pick_host_name_from_backend_address": false,
                "port": 80,
                "probe_id": "",
                "probe_name": "",
                "protocol": "Http",
                "request_timeout": 60,
                "trusted_root_certificate_names": []
              }
            ],
            "custom_error_configuration": [],
            "enable_http2": false,
            "fips_enabled": false,
            "firewall_policy_id": null,
            "force_firewall_policy_association": false,
            "frontend_ip_configuration": [
              {
                "id": "/subscriptions/2cf8f06f-b761-4132-9ed1-2c90d07c4885/resourceGroups/demo-singtel/providers/Microsoft.Network/applicationGateways/demo-uat-appgateway/frontendIPConfigurations/demo-uat-network-feip",
                "name": "demo-uat-network-feip",
                "private_ip_address": "",
                "private_ip_address_allocation": "Dynamic",
                "private_link_configuration_id": "",
                "private_link_configuration_name": "",
                "public_ip_address_id": "/subscriptions/2cf8f06f-b761-4132-9ed1-2c90d07c4885/resourceGroups/demo-singtel/providers/Microsoft.Network/publicIPAddresses/demo-uat-pip",
                "subnet_id": ""
              }
            ],
            "frontend_port": [
              {
                "id": "/subscriptions/2cf8f06f-b761-4132-9ed1-2c90d07c4885/resourceGroups/demo-singtel/providers/Microsoft.Network/applicationGateways/demo-uat-appgateway/frontendPorts/demo-uat-network-feport",
                "name": "demo-uat-network-feport",
                "port": 80
              }
            ],
            "gateway_ip_configuration": [
              {
                "id": "/subscriptions/2cf8f06f-b761-4132-9ed1-2c90d07c4885/resourceGroups/demo-singtel/providers/Microsoft.Network/applicationGateways/demo-uat-appgateway/gatewayIPConfigurations/my-gateway-ip-configuration",
                "name": "my-gateway-ip-configuration",
                "subnet_id": "/subscriptions/2cf8f06f-b761-4132-9ed1-2c90d07c4885/resourceGroups/demo-singtel/providers/Microsoft.Network/virtualNetworks/demo-uat-network/subnets/frontend"
              }
            ],
            "http_listener": [
              {
                "custom_error_configuration": [],
                "firewall_policy_id": "",
                "frontend_ip_configuration_id": "/subscriptions/2cf8f06f-b761-4132-9ed1-2c90d07c4885/resourceGroups/demo-singtel/providers/Microsoft.Network/applicationGateways/demo-uat-appgateway/frontendIPConfigurations/demo-uat-network-feip",
                "frontend_ip_configuration_name": "demo-uat-network-feip",
                "frontend_port_id": "/subscriptions/2cf8f06f-b761-4132-9ed1-2c90d07c4885/resourceGroups/demo-singtel/providers/Microsoft.Network/applicationGateways/demo-uat-appgateway/frontendPorts/demo-uat-network-feport",
                "frontend_port_name": "demo-uat-network-feport",
                "host_name": "",
                "host_names": [],
                "id": "/subscriptions/2cf8f06f-b761-4132-9ed1-2c90d07c4885/resourceGroups/demo-singtel/providers/Microsoft.Network/applicationGateways/demo-uat-appgateway/httpListeners/demo-uat-network-httplstn",
                "name": "demo-uat-network-httplstn",
                "protocol": "Http",
                "require_sni": false,
                "ssl_certificate_id": "",
                "ssl_certificate_name": "",
                "ssl_profile_id": "",
                "ssl_profile_name": ""
              }
            ],
            "id": "/subscriptions/2cf8f06f-b761-4132-9ed1-2c90d07c4885/resourceGroups/demo-singtel/providers/Microsoft.Network/applicationGateways/demo-uat-appgateway",
            "identity": [],
            "location": "australiaeast",
            "name": "demo-uat-appgateway",
            "private_endpoint_connection": [],
            "private_link_configuration": [],
            "probe": [],
            "redirect_configuration": [],
            "request_routing_rule": [
              {
                "backend_address_pool_id": "/subscriptions/2cf8f06f-b761-4132-9ed1-2c90d07c4885/resourceGroups/demo-singtel/providers/Microsoft.Network/applicationGateways/demo-uat-appgateway/backendAddressPools/demo-uat-network-beap",
                "backend_address_pool_name": "demo-uat-network-beap",
                "backend_http_settings_id": "/subscriptions/2cf8f06f-b761-4132-9ed1-2c90d07c4885/resourceGroups/demo-singtel/providers/Microsoft.Network/applicationGateways/demo-uat-appgateway/backendHttpSettingsCollection/demo-uat-network-be-htst",
                "backend_http_settings_name": "demo-uat-network-be-htst",
                "http_listener_id": "/subscriptions/2cf8f06f-b761-4132-9ed1-2c90d07c4885/resourceGroups/demo-singtel/providers/Microsoft.Network/applicationGateways/demo-uat-appgateway/httpListeners/demo-uat-network-httplstn",
                "http_listener_name": "demo-uat-network-httplstn",
                "id": "/subscriptions/2cf8f06f-b761-4132-9ed1-2c90d07c4885/resourceGroups/demo-singtel/providers/Microsoft.Network/applicationGateways/demo-uat-appgateway/requestRoutingRules/demo-uat-network-rqrt",
                "name": "demo-uat-network-rqrt",
                "priority": 0,
                "redirect_configuration_id": "",
                "redirect_configuration_name": "",
                "rewrite_rule_set_id": "",
                "rewrite_rule_set_name": "",
                "rule_type": "Basic",
                "url_path_map_id": "",
                "url_path_map_name": ""
              }
            ],
            "resource_group_name": "demo-singtel",
            "rewrite_rule_set": [],
            "sku": [
              {
                "capacity": 2,
                "name": "Standard_Small",
                "tier": "Standard"
              }
            ],
            "ssl_certificate": [],
            "ssl_policy": [
              {
                "cipher_suites": [],
                "disabled_protocols": [],
                "min_protocol_version": "",
                "policy_name": "AppGwSslPolicy20150501",
                "policy_type": "Predefined"
              }
            ],
            "ssl_profile": [],
            "tags": {},
            "timeouts": null,
            "trusted_client_certificate": [],
            "trusted_root_certificate": [],
            "url_path_map": [],
            "waf_configuration": [],
            "zones": []
          },
          "sensitive_attributes": [],
          "private": "eyJlMmJmYjczMC1lY2FhLTExZTYtOGY4OC0zNDM2M2JjN2M0YzAiOnsiY3JlYXRlIjo1NDAwMDAwMDAwMDAwLCJkZWxldGUiOjU0MDAwMDAwMDAwMDAsInJlYWQiOjMwMDAwMDAwMDAwMCwidXBkYXRlIjo1NDAwMDAwMDAwMDAwfX0=",
          "dependencies": [
            "azurerm_public_ip.demo-uat",
            "azurerm_resource_group.demo-uat",
            "azurerm_subnet.frontend",
            "azurerm_virtual_network.demo-uat"
          ]
        }
      ]
    },
    {
      "mode": "managed",
      "type": "azurerm_linux_virtual_machine_scale_set",
      "name": "demo-uat",
      "provider": "provider[\"registry.terraform.io/hashicorp/azurerm\"]",
      "instances": [
        {
          "schema_version": 0,
          "attributes": {
            "additional_capabilities": [],
            "admin_password": "Password123#!",
            "admin_ssh_key": [],
            "admin_username": "adminuser",
            "automatic_instance_repair": [
              {
                "enabled": false,
                "grace_period": "PT30M"
              }
            ],
            "automatic_os_upgrade_policy": [],
            "boot_diagnostics": [],
            "computer_name_prefix": "demo-uat-vmss",
            "custom_data": null,
            "data_disk": [],
            "disable_password_authentication": false,
            "do_not_run_extensions_on_overprovisioned_machines": false,
            "edge_zone": "",
            "encryption_at_host_enabled": false,
            "eviction_policy": "",
            "extension": [],
            "extensions_time_budget": "PT1H30M",
            "health_probe_id": "",
            "id": "/subscriptions/2cf8f06f-b761-4132-9ed1-2c90d07c4885/resourceGroups/demo-singtel/providers/Microsoft.Compute/virtualMachineScaleSets/demo-uat-vmss",
            "identity": [],
            "instances": 1,
            "location": "australiaeast",
            "max_bid_price": -1,
            "name": "demo-uat-vmss",
            "network_interface": [
              {
                "dns_servers": [],
                "enable_accelerated_networking": false,
                "enable_ip_forwarding": false,
                "ip_configuration": [
                  {
                    "application_gateway_backend_address_pool_ids": [
                      "/subscriptions/2cf8f06f-b761-4132-9ed1-2c90d07c4885/resourceGroups/demo-singtel/providers/Microsoft.Network/applicationGateways/demo-uat-appgateway/backendAddressPools/demo-uat-network-beap"
                    ],
                    "application_security_group_ids": [],
                    "load_balancer_backend_address_pool_ids": [],
                    "load_balancer_inbound_nat_rules_ids": [],
                    "name": "vm-subnet",
                    "primary": true,
                    "public_ip_address": [],
                    "subnet_id": "/subscriptions/2cf8f06f-b761-4132-9ed1-2c90d07c4885/resourceGroups/demo-singtel/providers/Microsoft.Network/virtualNetworks/demo-uat-network/subnets/vm-subnet",
                    "version": "IPv4"
                  }
                ],
                "name": "demo-uat",
                "network_security_group_id": "",
                "primary": true
              }
            ],
            "os_disk": [
              {
                "caching": "ReadWrite",
                "diff_disk_settings": [],
                "disk_encryption_set_id": "",
                "disk_size_gb": 30,
                "storage_account_type": "Standard_LRS",
                "write_accelerator_enabled": false
              }
            ],
            "overprovision": true,
            "plan": [],
            "platform_fault_domain_count": 0,
            "priority": "Regular",
            "provision_vm_agent": true,
            "proximity_placement_group_id": "",
            "resource_group_name": "demo-singtel",
            "rolling_upgrade_policy": [],
            "scale_in_policy": "Default",
            "secret": [],
            "secure_boot_enabled": false,
            "single_placement_group": true,
            "sku": "Standard_B1s",
            "source_image_id": "",
            "source_image_reference": [
              {
                "offer": "0001-com-ubuntu-confidential-vm-experimental",
                "publisher": "Canonical",
                "sku": "20_04",
                "version": "20.04.20210309"
              }
            ],
            "tags": {},
            "terminate_notification": [],
            "timeouts": null,
            "unique_id": "bba31536-3520-44f7-a753-8f43d08f579e",
            "upgrade_mode": "Manual",
            "user_data": "",
            "vtpm_enabled": false,
            "zone_balance": false,
            "zones": []
          },
          "sensitive_attributes": [
            [
              {
                "type": "get_attr",
                "value": "admin_password"
              }
            ]
          ],
          "private": "eyJlMmJmYjczMC1lY2FhLTExZTYtOGY4OC0zNDM2M2JjN2M0YzAiOnsiY3JlYXRlIjozNjAwMDAwMDAwMDAwLCJkZWxldGUiOjM2MDAwMDAwMDAwMDAsInJlYWQiOjMwMDAwMDAwMDAwMCwidXBkYXRlIjozNjAwMDAwMDAwMDAwfX0=",
          "dependencies": [
            "azurerm_application_gateway.app-gw",
            "azurerm_public_ip.demo-uat",
            "azurerm_resource_group.demo-uat",
            "azurerm_subnet.frontend",
            "azurerm_subnet.vm-subnet",
            "azurerm_virtual_network.demo-uat"
          ]
        }
      ]
    },
    {
      "mode": "managed",
      "type": "azurerm_public_ip",
      "name": "demo-uat",
      "provider": "provider[\"registry.terraform.io/hashicorp/azurerm\"]",
      "instances": [
        {
          "schema_version": 0,
          "attributes": {
            "allocation_method": "Dynamic",
            "domain_name_label": "",
            "edge_zone": "",
            "fqdn": "b3c3d692-3bb4-4b0b-bfde-06800a93a872.cloudapp.net",
            "id": "/subscriptions/2cf8f06f-b761-4132-9ed1-2c90d07c4885/resourceGroups/demo-singtel/providers/Microsoft.Network/publicIPAddresses/demo-uat-pip",
            "idle_timeout_in_minutes": 4,
            "ip_address": "20.5.87.1",
            "ip_tags": {},
            "ip_version": "IPv4",
            "location": "australiaeast",
            "name": "demo-uat-pip",
            "public_ip_prefix_id": null,
            "resource_group_name": "demo-singtel",
            "reverse_fqdn": "",
            "sku": "Basic",
            "sku_tier": "Regional",
            "tags": {},
            "timeouts": null,
            "zones": []
          },
          "sensitive_attributes": [],
          "private": "eyJlMmJmYjczMC1lY2FhLTExZTYtOGY4OC0zNDM2M2JjN2M0YzAiOnsiY3JlYXRlIjoxODAwMDAwMDAwMDAwLCJkZWxldGUiOjE4MDAwMDAwMDAwMDAsInJlYWQiOjMwMDAwMDAwMDAwMCwidXBkYXRlIjoxODAwMDAwMDAwMDAwfX0=",
          "dependencies": [
            "azurerm_resource_group.demo-uat"
          ]
        }
      ]
    },
    {
      "mode": "managed",
      "type": "azurerm_resource_group",
      "name": "demo-uat",
      "provider": "provider[\"registry.terraform.io/hashicorp/azurerm\"]",
      "instances": [
        {
          "schema_version": 0,
          "attributes": {
            "id": "/subscriptions/2cf8f06f-b761-4132-9ed1-2c90d07c4885/resourceGroups/demo-singtel",
            "location": "australiaeast",
            "name": "demo-singtel",
            "tags": {},
            "timeouts": null
          },
          "sensitive_attributes": [],
          "private": "eyJlMmJmYjczMC1lY2FhLTExZTYtOGY4OC0zNDM2M2JjN2M0YzAiOnsiY3JlYXRlIjo1NDAwMDAwMDAwMDAwLCJkZWxldGUiOjU0MDAwMDAwMDAwMDAsInJlYWQiOjMwMDAwMDAwMDAwMCwidXBkYXRlIjo1NDAwMDAwMDAwMDAwfX0="
        }
      ]
    },
    {
      "mode": "managed",
      "type": "azurerm_subnet",
      "name": "backend",
      "provider": "provider[\"registry.terraform.io/hashicorp/azurerm\"]",
      "instances": [
        {
          "schema_version": 0,
          "attributes": {
            "address_prefixes": [
              "10.254.2.0/24"
            ],
            "delegation": [],
            "enforce_private_link_endpoint_network_policies": false,
            "enforce_private_link_service_network_policies": false,
            "id": "/subscriptions/2cf8f06f-b761-4132-9ed1-2c90d07c4885/resourceGroups/demo-singtel/providers/Microsoft.Network/virtualNetworks/demo-uat-network/subnets/backend",
            "name": "backend",
            "resource_group_name": "demo-singtel",
            "service_endpoint_policy_ids": [],
            "service_endpoints": [],
            "timeouts": null,
            "virtual_network_name": "demo-uat-network"
          },
          "sensitive_attributes": [],
          "private": "eyJlMmJmYjczMC1lY2FhLTExZTYtOGY4OC0zNDM2M2JjN2M0YzAiOnsiY3JlYXRlIjoxODAwMDAwMDAwMDAwLCJkZWxldGUiOjE4MDAwMDAwMDAwMDAsInJlYWQiOjMwMDAwMDAwMDAwMCwidXBkYXRlIjoxODAwMDAwMDAwMDAwfX0=",
          "dependencies": [
            "azurerm_resource_group.demo-uat",
            "azurerm_virtual_network.demo-uat"
          ]
        }
      ]
    },
    {
      "mode": "managed",
      "type": "azurerm_subnet",
      "name": "frontend",
      "provider": "provider[\"registry.terraform.io/hashicorp/azurerm\"]",
      "instances": [
        {
          "schema_version": 0,
          "attributes": {
            "address_prefixes": [
              "10.254.0.0/24"
            ],
            "delegation": [],
            "enforce_private_link_endpoint_network_policies": false,
            "enforce_private_link_service_network_policies": false,
            "id": "/subscriptions/2cf8f06f-b761-4132-9ed1-2c90d07c4885/resourceGroups/demo-singtel/providers/Microsoft.Network/virtualNetworks/demo-uat-network/subnets/frontend",
            "name": "frontend",
            "resource_group_name": "demo-singtel",
            "service_endpoint_policy_ids": [],
            "service_endpoints": [],
            "timeouts": null,
            "virtual_network_name": "demo-uat-network"
          },
          "sensitive_attributes": [],
          "private": "eyJlMmJmYjczMC1lY2FhLTExZTYtOGY4OC0zNDM2M2JjN2M0YzAiOnsiY3JlYXRlIjoxODAwMDAwMDAwMDAwLCJkZWxldGUiOjE4MDAwMDAwMDAwMDAsInJlYWQiOjMwMDAwMDAwMDAwMCwidXBkYXRlIjoxODAwMDAwMDAwMDAwfX0=",
          "dependencies": [
            "azurerm_resource_group.demo-uat",
            "azurerm_virtual_network.demo-uat"
          ]
        }
      ]
    },
    {
      "mode": "managed",
      "type": "azurerm_subnet",
      "name": "vm-subnet",
      "provider": "provider[\"registry.terraform.io/hashicorp/azurerm\"]",
      "instances": [
        {
          "schema_version": 0,
          "attributes": {
            "address_prefixes": [
              "10.254.3.0/24"
            ],
            "delegation": [],
            "enforce_private_link_endpoint_network_policies": false,
            "enforce_private_link_service_network_policies": false,
            "id": "/subscriptions/2cf8f06f-b761-4132-9ed1-2c90d07c4885/resourceGroups/demo-singtel/providers/Microsoft.Network/virtualNetworks/demo-uat-network/subnets/vm-subnet",
            "name": "vm-subnet",
            "resource_group_name": "demo-singtel",
            "service_endpoint_policy_ids": [],
            "service_endpoints": [],
            "timeouts": null,
            "virtual_network_name": "demo-uat-network"
          },
          "sensitive_attributes": [],
          "private": "eyJlMmJmYjczMC1lY2FhLTExZTYtOGY4OC0zNDM2M2JjN2M0YzAiOnsiY3JlYXRlIjoxODAwMDAwMDAwMDAwLCJkZWxldGUiOjE4MDAwMDAwMDAwMDAsInJlYWQiOjMwMDAwMDAwMDAwMCwidXBkYXRlIjoxODAwMDAwMDAwMDAwfX0=",
          "dependencies": [
            "azurerm_resource_group.demo-uat",
            "azurerm_virtual_network.demo-uat"
          ]
        }
      ]
    },
    {
      "mode": "managed",
      "type": "azurerm_virtual_network",
      "name": "demo-uat",
      "provider": "provider[\"registry.terraform.io/hashicorp/azurerm\"]",
      "instances": [
        {
          "schema_version": 0,
          "attributes": {
            "address_space": [
              "10.254.0.0/16"
            ],
            "bgp_community": "",
            "ddos_protection_plan": [],
            "dns_servers": [],
            "edge_zone": "",
            "flow_timeout_in_minutes": 0,
            "guid": "d70b53cc-7315-4530-bc83-788f4f5be5c7",
            "id": "/subscriptions/2cf8f06f-b761-4132-9ed1-2c90d07c4885/resourceGroups/demo-singtel/providers/Microsoft.Network/virtualNetworks/demo-uat-network",
            "location": "australiaeast",
            "name": "demo-uat-network",
            "resource_group_name": "demo-singtel",
            "subnet": [
              {
                "address_prefix": "10.254.0.0/24",
                "id": "/subscriptions/2cf8f06f-b761-4132-9ed1-2c90d07c4885/resourceGroups/demo-singtel/providers/Microsoft.Network/virtualNetworks/demo-uat-network/subnets/frontend",
                "name": "frontend",
                "security_group": ""
              },
              {
                "address_prefix": "10.254.2.0/24",
                "id": "/subscriptions/2cf8f06f-b761-4132-9ed1-2c90d07c4885/resourceGroups/demo-singtel/providers/Microsoft.Network/virtualNetworks/demo-uat-network/subnets/backend",
                "name": "backend",
                "security_group": ""
              },
              {
                "address_prefix": "10.254.3.0/24",
                "id": "/subscriptions/2cf8f06f-b761-4132-9ed1-2c90d07c4885/resourceGroups/demo-singtel/providers/Microsoft.Network/virtualNetworks/demo-uat-network/subnets/vm-subnet",
                "name": "vm-subnet",
                "security_group": ""
              }
            ],
            "tags": {},
            "timeouts": null
          },
          "sensitive_attributes": [],
          "private": "eyJlMmJmYjczMC1lY2FhLTExZTYtOGY4OC0zNDM2M2JjN2M0YzAiOnsiY3JlYXRlIjoxODAwMDAwMDAwMDAwLCJkZWxldGUiOjE4MDAwMDAwMDAwMDAsInJlYWQiOjMwMDAwMDAwMDAwMCwidXBkYXRlIjoxODAwMDAwMDAwMDAwfX0=",
          "dependencies": [
            "azurerm_resource_group.demo-uat"
          ]
        }
      ]
    }
  ],
  "check_results": []
}
